
Microsoft Visual Studio Solution File, Format Version 12.00
# Visual Studio Version 17
VisualStudioVersion = 17.4.33205.214
MinimumVisualStudioVersion = 10.0.40219.1
Project("{9A19103F-16F7-4668-BE54-9A1E7A4F7556}") = "ChatBot", "ChatBot\ChatBot.csproj", "{215312D9-78C4-4EDE-A653-99E74B90159E}"
EndProject
Project("{FAE04EC0-301F-11D3-BF4B-00C04F79EFBC}") = "AI.ChatBotLib", "AI.ChatBotLib\AI.ChatBotLib.csproj", "{356CC4E7-0BDC-444F-BED4-A4FB4F00E1B9}"
EndProject
Global
	GlobalSection(SolutionConfigurationPlatforms) = preSolution
		Debug|Any CPU = Debug|Any CPU
		Release|Any CPU = Release|Any CPU
	EndGlobalSection
	GlobalSection(ProjectConfigurationPlatforms) = postSolution
		{215312D9-78C4-4EDE-A653-99E74B90159E}.Debug|Any CPU.ActiveCfg = Debug|Any CPU
		{215312D9-78C4-4EDE-A653-99E74B90159E}.Debug|Any CPU.Build.0 = Debug|Any CPU
		{215312D9-78C4-4EDE-A653-99E74B90159E}.Release|Any CPU.ActiveCfg = Release|Any CPU
		{215312D9-78C4-4EDE-A653-99E74B90159E}.Release|Any CPU.Build.0 = Release|Any CPU
		{356CC4E7-0BDC-444F-BED4-A4FB4F00E1B9}.Debug|Any CPU.ActiveCfg = Debug|Any CPU
		{356CC4E7-0BDC-444F-BED4-A4FB4F00E1B9}.Debug|Any CPU.Build.0 = Debug|Any CPU
		{356CC4E7-0BDC-444F-BED4-A4FB4F00E1B9}.Release|Any CPU.ActiveCfg = Release|Any CPU
		{356CC4E7-0BDC-444F-BED4-A4FB4F00E1B9}.Release|Any CPU.Build.0 = Release|Any CPU
	EndGlobalSection
	GlobalSection(SolutionProperties) = preSolution
		HideSolutionNode = FALSE
	EndGlobalSection
	GlobalSection(ExtensibilityGlobals) = postSolution
		SolutionGuid = {195283E5-9F64-42F7-9022-0AF7D1925893}
	EndGlobalSection
EndGlobal
